
Microsoft Visual Studio Solution File, Format Version 12.00
# Visual Studio Version 17
VisualStudioVersion = 17.3.32901.215
MinimumVisualStudioVersion = 10.0.40219.1
Project("{FAE04EC0-301F-11D3-BF4B-00C04F79EFBC}") = "proyectoSQL", "proyectoSQL\proyectoSQL.csproj", "{6BA9767A-660D-4E89-9B7F-BF07CD2E9ED5}"
EndProject
Global
	GlobalSection(SolutionConfigurationPlatforms) = preSolution
		Debug|Any CPU = Debug|Any CPU
		Release|Any CPU = Release|Any CPU
	EndGlobalSection
	GlobalSection(ProjectConfigurationPlatforms) = postSolution
		{6BA9767A-660D-4E89-9B7F-BF07CD2E9ED5}.Debug|Any CPU.ActiveCfg = Debug|Any CPU
		{6BA9767A-660D-4E89-9B7F-BF07CD2E9ED5}.Debug|Any CPU.Build.0 = Debug|Any CPU
		{6BA9767A-660D-4E89-9B7F-BF07CD2E9ED5}.Release|Any CPU.ActiveCfg = Release|Any CPU
		{6BA9767A-660D-4E89-9B7F-BF07CD2E9ED5}.Release|Any CPU.Build.0 = Release|Any CPU
	EndGlobalSection
	GlobalSection(SolutionProperties) = preSolution
		HideSolutionNode = FALSE
	EndGlobalSection
	GlobalSection(ExtensibilityGlobals) = postSolution
		SolutionGuid = {8DD2462F-6DC0-4310-99AE-265D7E56F15B}
	EndGlobalSection
EndGlobal
